{
  "object": {
    "pins": [
      {
        "package": "SwiftCBOR",
        "repositoryURL": "https://github.com/unrelentingtech/SwiftCBOR.git",
        "state": {
          "branch": null,
          "revision": "98a59c305cca5c5367c3422d5e127661d4e76e24",
          "version": "0.4.5"
        }
      }
    ]
  },
  "version": 1
}
